
Microsoft Visual Studio Solution File, Format Version 12.00
# Visual Studio Version 17
VisualStudioVersion = 17.8.34408.163
MinimumVisualStudioVersion = 10.0.40219.1
Project("{FAE04EC0-301F-11D3-BF4B-00C04F79EFBC}") = "GitTestingProjectTwo", "GitTestingProjectTwo\GitTestingProjectTwo.csproj", "{49EFED91-E6DE-46D6-910A-D4550C111369}"
EndProject
Global
	GlobalSection(SolutionConfigurationPlatforms) = preSolution
		Debug|Any CPU = Debug|Any CPU
		Release|Any CPU = Release|Any CPU
	EndGlobalSection
	GlobalSection(ProjectConfigurationPlatforms) = postSolution
		{49EFED91-E6DE-46D6-910A-D4550C111369}.Debug|Any CPU.ActiveCfg = Debug|Any CPU
		{49EFED91-E6DE-46D6-910A-D4550C111369}.Debug|Any CPU.Build.0 = Debug|Any CPU
		{49EFED91-E6DE-46D6-910A-D4550C111369}.Release|Any CPU.ActiveCfg = Release|Any CPU
		{49EFED91-E6DE-46D6-910A-D4550C111369}.Release|Any CPU.Build.0 = Release|Any CPU
	EndGlobalSection
	GlobalSection(SolutionProperties) = preSolution
		HideSolutionNode = FALSE
	EndGlobalSection
	GlobalSection(ExtensibilityGlobals) = postSolution
		SolutionGuid = {8891FA51-0645-48DC-B255-44B5C0086F89}
	EndGlobalSection
EndGlobal
